
Microsoft Visual Studio Solution File, Format Version 12.00
# Visual Studio 14
VisualStudioVersion = 14.0.24720.0
MinimumVisualStudioVersion = 10.0.40219.1
Project("{FAE04EC0-301F-11D3-BF4B-00C04F79EFBC}") = "Amazon.SimpleNotificationService.UtilExtensions", "Amazon.SimpleNotificationService.UtilExtensions\Amazon.SimpleNotificationService.UtilExtensions.csproj", "{3053574A-ACE5-485B-90D5-6E2B2825B047}"
EndProject
Project("{FAE04EC0-301F-11D3-BF4B-00C04F79EFBC}") = "Amazon.SimpleNotificationService.UtilExtensions.Tests", "Amazon.SimpleNotificationService.UtilExtensions.Tests\Amazon.SimpleNotificationService.UtilExtensions.Tests.csproj", "{8A615AE8-9A97-467F-9002-F9B949F3295A}"
EndProject
Project("{2150E333-8FDC-42A3-9474-1A3956D46DE8}") = "Build", "Build", "{A9D286EC-92D0-42A6-973D-B530C0F90446}"
	ProjectSection(SolutionItems) = preProject
		Amazon.SimpleNotificationService.UtilExtensions\template.nuspec = Amazon.SimpleNotificationService.UtilExtensions\template.nuspec
	EndProjectSection
EndProject
Global
	GlobalSection(SolutionConfigurationPlatforms) = preSolution
		Debug|Any CPU = Debug|Any CPU
		Release|Any CPU = Release|Any CPU
	EndGlobalSection
	GlobalSection(ProjectConfigurationPlatforms) = postSolution
		{3053574A-ACE5-485B-90D5-6E2B2825B047}.Debug|Any CPU.ActiveCfg = Debug|Any CPU
		{3053574A-ACE5-485B-90D5-6E2B2825B047}.Debug|Any CPU.Build.0 = Debug|Any CPU
		{3053574A-ACE5-485B-90D5-6E2B2825B047}.Release|Any CPU.ActiveCfg = Release|Any CPU
		{3053574A-ACE5-485B-90D5-6E2B2825B047}.Release|Any CPU.Build.0 = Release|Any CPU
		{8A615AE8-9A97-467F-9002-F9B949F3295A}.Debug|Any CPU.ActiveCfg = Debug|Any CPU
		{8A615AE8-9A97-467F-9002-F9B949F3295A}.Debug|Any CPU.Build.0 = Debug|Any CPU
		{8A615AE8-9A97-467F-9002-F9B949F3295A}.Release|Any CPU.ActiveCfg = Release|Any CPU
		{8A615AE8-9A97-467F-9002-F9B949F3295A}.Release|Any CPU.Build.0 = Release|Any CPU
	EndGlobalSection
	GlobalSection(SolutionProperties) = preSolution
		HideSolutionNode = FALSE
	EndGlobalSection
EndGlobal
